
Microsoft Visual Studio Solution File, Format Version 12.00
# Visual Studio Version 17
VisualStudioVersion = 17.7.34202.233
MinimumVisualStudioVersion = 10.0.40219.1
Project("{9A19103F-16F7-4668-BE54-9A1E7A4F7556}") = "InvestmentPlataform.Server", "InvestmentPlataform\Server\InvestmentPlataform.Server.csproj", "{8E5CA334-6A18-4C03-94A4-8F3441C1A133}"
EndProject
Project("{9A19103F-16F7-4668-BE54-9A1E7A4F7556}") = "InvestmentPlataform.Client", "InvestmentPlataform\Client\InvestmentPlataform.Client.csproj", "{060B32F1-E62E-4511-8481-E0D75C442EE7}"
EndProject
Project("{9A19103F-16F7-4668-BE54-9A1E7A4F7556}") = "InvestmentPlataform.Shared", "InvestmentPlataform\Shared\InvestmentPlataform.Shared.csproj", "{0A0C0CBD-4983-445B-91BB-D45DB1A3BA07}"
EndProject
Global
	GlobalSection(SolutionConfigurationPlatforms) = preSolution
		Debug|Any CPU = Debug|Any CPU
		Release|Any CPU = Release|Any CPU
	EndGlobalSection
	GlobalSection(ProjectConfigurationPlatforms) = postSolution
		{8E5CA334-6A18-4C03-94A4-8F3441C1A133}.Debug|Any CPU.ActiveCfg = Debug|Any CPU
		{8E5CA334-6A18-4C03-94A4-8F3441C1A133}.Debug|Any CPU.Build.0 = Debug|Any CPU
		{8E5CA334-6A18-4C03-94A4-8F3441C1A133}.Release|Any CPU.ActiveCfg = Release|Any CPU
		{8E5CA334-6A18-4C03-94A4-8F3441C1A133}.Release|Any CPU.Build.0 = Release|Any CPU
		{060B32F1-E62E-4511-8481-E0D75C442EE7}.Debug|Any CPU.ActiveCfg = Debug|Any CPU
		{060B32F1-E62E-4511-8481-E0D75C442EE7}.Debug|Any CPU.Build.0 = Debug|Any CPU
		{060B32F1-E62E-4511-8481-E0D75C442EE7}.Release|Any CPU.ActiveCfg = Release|Any CPU
		{060B32F1-E62E-4511-8481-E0D75C442EE7}.Release|Any CPU.Build.0 = Release|Any CPU
		{0A0C0CBD-4983-445B-91BB-D45DB1A3BA07}.Debug|Any CPU.ActiveCfg = Debug|Any CPU
		{0A0C0CBD-4983-445B-91BB-D45DB1A3BA07}.Debug|Any CPU.Build.0 = Debug|Any CPU
		{0A0C0CBD-4983-445B-91BB-D45DB1A3BA07}.Release|Any CPU.ActiveCfg = Release|Any CPU
		{0A0C0CBD-4983-445B-91BB-D45DB1A3BA07}.Release|Any CPU.Build.0 = Release|Any CPU
	EndGlobalSection
	GlobalSection(SolutionProperties) = preSolution
		HideSolutionNode = FALSE
	EndGlobalSection
	GlobalSection(ExtensibilityGlobals) = postSolution
		SolutionGuid = {9B1BF5A5-D026-4EA5-80DB-A9A58A81DA65}
	EndGlobalSection
EndGlobal
